
Microsoft Visual Studio Solution File, Format Version 12.00
# Visual Studio Version 17
VisualStudioVersion = 17.9.34622.214
MinimumVisualStudioVersion = 10.0.40219.1
Project("{FAE04EC0-301F-11D3-BF4B-00C04F79EFBC}") = "tpmodul_5", "tpmodul_5\tpmodul_5.csproj", "{AFB317E1-AC16-40CB-A6CC-3374D483039B}"
EndProject
Global
	GlobalSection(SolutionConfigurationPlatforms) = preSolution
		Debug|Any CPU = Debug|Any CPU
		Release|Any CPU = Release|Any CPU
	EndGlobalSection
	GlobalSection(ProjectConfigurationPlatforms) = postSolution
		{AFB317E1-AC16-40CB-A6CC-3374D483039B}.Debug|Any CPU.ActiveCfg = Debug|Any CPU
		{AFB317E1-AC16-40CB-A6CC-3374D483039B}.Debug|Any CPU.Build.0 = Debug|Any CPU
		{AFB317E1-AC16-40CB-A6CC-3374D483039B}.Release|Any CPU.ActiveCfg = Release|Any CPU
		{AFB317E1-AC16-40CB-A6CC-3374D483039B}.Release|Any CPU.Build.0 = Release|Any CPU
	EndGlobalSection
	GlobalSection(SolutionProperties) = preSolution
		HideSolutionNode = FALSE
	EndGlobalSection
	GlobalSection(ExtensibilityGlobals) = postSolution
		SolutionGuid = {432DC019-3E28-4CAC-B114-E60C90F23531}
	EndGlobalSection
EndGlobal
