
Microsoft Visual Studio Solution File, Format Version 12.00
# Visual Studio Version 17
VisualStudioVersion = 17.9.34622.214
MinimumVisualStudioVersion = 10.0.40219.1
Project("{FAE04EC0-301F-11D3-BF4B-00C04F79EFBC}") = "tpmodul_5", "tpmodul_5\tpmodul_5.csproj", "{8F2C3185-8D3E-4656-A368-556B6983A64B}"
EndProject
Global
	GlobalSection(SolutionConfigurationPlatforms) = preSolution
		Debug|Any CPU = Debug|Any CPU
		Release|Any CPU = Release|Any CPU
	EndGlobalSection
	GlobalSection(ProjectConfigurationPlatforms) = postSolution
		{8F2C3185-8D3E-4656-A368-556B6983A64B}.Debug|Any CPU.ActiveCfg = Debug|Any CPU
		{8F2C3185-8D3E-4656-A368-556B6983A64B}.Debug|Any CPU.Build.0 = Debug|Any CPU
		{8F2C3185-8D3E-4656-A368-556B6983A64B}.Release|Any CPU.ActiveCfg = Release|Any CPU
		{8F2C3185-8D3E-4656-A368-556B6983A64B}.Release|Any CPU.Build.0 = Release|Any CPU
	EndGlobalSection
	GlobalSection(SolutionProperties) = preSolution
		HideSolutionNode = FALSE
	EndGlobalSection
	GlobalSection(ExtensibilityGlobals) = postSolution
		SolutionGuid = {807CF18A-0EE2-496D-80BA-A94F5BC459CD}
	EndGlobalSection
EndGlobal
